github.com/lemon-mint/unlock v1.1.1 h1:7IwISS9miMXX7DsVKH84nlfHqodRO5c2HxCcOpvU0Xs=
github.com/lemon-mint/unlock v1.1.1/go.mod h1:OXlnfT0ysHEkNZC7lZWJvkFMzOOl89F+Nibpa/YbNA4=
github.com/lemon-mint/unlock v1.2.1 h1:LpmsvYVxzGOAzn/D7yoP636qdHcHZa3dAJkb557mx9A=
github.com/lemon-mint/unlock v1.2.1/go.mod h1:OXlnfT0ysHEkNZC7lZWJvkFMzOOl89F+Nibpa/YbNA4=
